{
  "lockfileVersion": 2,
  "configVersion": 1,
  "workspaces": {
    "": {
      "dependencies": {
        "cli-ascii-logo": "^2.1.0",
      },
    },
  },
  "packages": {
    "@rollup/rollup-linux-x64-gnu": ["@rollup/rollup-linux-x64-gnu@4.63.5", "", { "os": "linux", "cpu": "x64" }, "sha512-3W9bTFcQNJn71cSJVM9RKIiZOy8DO/XLDii8Uv/Pm6WKqDRj7JV3ZfuXIEfyuy5LXpIzAbB/1M4Ukp9GKNa7nA=="],

    "@types/tinycolor2": ["@types/tinycolor2@1.4.6", "", {}, "sha512-iEN8J0BoMnsWBqjVbWH/c0G0Hh7O21lpR2/+PrvAVgWdzL7eexIFm4JN/Wn10PTcmNdtS6U67r499mlWMXOxNw=="],

    "chalk": ["chalk@5.6.2", "", {}, "sha512-7NzBL0rN6fMUW+f7A6Io4h40qQlG+xGmtMxfbnH/K7TAtt8JQWVQK+6g0UXKMeVJoyV5EkkNsErQ8pVD3bLHbA=="],

    "cli-ascii-logo": ["cli-ascii-logo@2.1.0", "", { "dependencies": { "figlet": "^1.7.0", "gradient-string": "^3.0.0" }, "optionalDependencies": { "@rollup/rollup-linux-x64-gnu": "*" }, "bin": { "cli-ascii-logo": "dist/cli.js" } }, "sha512-ziEcQ5/3q8Yx/0nbFe/I22QZTa8+WWUwze9QcfAJEOoINsoCowInN6gBqk5y6zvjW5kp5ZK0EcR1bsvFXdj9LA=="],

    "commander": ["commander@14.0.3", "", {}, "sha512-H+y0Jo/T1RZ9qPP4Eh1pkcQcLRglraJaSLoyOtHxu6AapkjWVCy2Sit1QQ4x3Dng8qDlSsZEet7g5Pq06MvTgw=="],

    "figlet": ["figlet@1.12.0", "", { "dependencies": { "commander": "^14.0.0" }, "bin": { "figlet": "bin/index.js" } }, "sha512-Ith3WsUi0N/EqGt+0/F6XnWhT04sohhH2tT0Dq7GdUmWbMTIoCbg2Jq9qKggmTO62ST5kRCfB311EmIMbizGyA=="],

    "gradient-string": ["gradient-string@3.0.0", "", { "dependencies": { "chalk": "^5.3.0", "tinygradient": "^1.1.5" } }, "sha512-frdKI4Qi8Ihp4C6wZNB565de/THpIaw3DjP5ku87M+N9rNSGmPTjfkq61SdRXB7eCaL8O1hkKDvf6CDMtOzIAg=="],

    "tinycolor2": ["tinycolor2@1.6.0", "", {}, "sha512-XPaBkWQJdsf3pLKJV9p4qN/S+fm2Oj8AIPo1BTUhg5oxkvm9+SVEGFdhyOz7tTdUTfvxMiAs4sp6/eZO2Ew+pw=="],

    "tinygradient": ["tinygradient@1.1.5", "", { "dependencies": { "@types/tinycolor2": "^1.4.0", "tinycolor2": "^1.0.0" } }, "sha512-8nIfc2vgQ4TeLnk2lFj4tRLvvJwEfQuabdsmvDdQPT0xlk9TaNtpGd6nNRxXoK6vQhN6RSzj+Cnp5tTQmpxmbw=="],
  }
}
